
Microsoft Visual Studio Solution File, Format Version 12.00
# Visual Studio 15
VisualStudioVersion = 15.0.27004.2006
MinimumVisualStudioVersion = 10.0.40219.1
Project("{9A19103F-16F7-4668-BE54-9A1E7A4F7556}") = "VitecArbetsprov", "VitecArbetsprov\VitecArbetsprov.csproj", "{F38E3538-3F66-4190-801F-92927FB419A5}"
EndProject
Global
	GlobalSection(SolutionConfigurationPlatforms) = preSolution
		Debug|Any CPU = Debug|Any CPU
		Release|Any CPU = Release|Any CPU
	EndGlobalSection
	GlobalSection(ProjectConfigurationPlatforms) = postSolution
		{F38E3538-3F66-4190-801F-92927FB419A5}.Debug|Any CPU.ActiveCfg = Debug|Any CPU
		{F38E3538-3F66-4190-801F-92927FB419A5}.Debug|Any CPU.Build.0 = Debug|Any CPU
		{F38E3538-3F66-4190-801F-92927FB419A5}.Release|Any CPU.ActiveCfg = Release|Any CPU
		{F38E3538-3F66-4190-801F-92927FB419A5}.Release|Any CPU.Build.0 = Release|Any CPU
	EndGlobalSection
	GlobalSection(SolutionProperties) = preSolution
		HideSolutionNode = FALSE
	EndGlobalSection
	GlobalSection(ExtensibilityGlobals) = postSolution
		SolutionGuid = {EF70BDDC-9E10-4889-93A8-D69DA60B2BB9}
	EndGlobalSection
EndGlobal
